// !$*UTF8*$!
{
	archiveVersion = 1;
	classes = {
	};
	objectVersion = 56;
	objects = {

/* Begin PBXBuildFile section */
		1A3451062BD2A06C00ED2369 /* AppDelegate.swift in Sources */ = {isa = PBXBuildFile; fileRef = 1A3451052BD2A06C00ED2369 /* AppDelegate.swift */; };
		1A3451082BD2A06C00ED2369 /* SceneDelegate.swift in Sources */ = {isa = PBXBuildFile; fileRef = 1A3451072BD2A06C00ED2369 /* SceneDelegate.swift */; };
		1A34510A2BD2A06C00ED2369 /* ViewController.swift in Sources */ = {isa = PBXBuildFile; fileRef = 1A3451092BD2A06C00ED2369 /* ViewController.swift */; };
		1A34510F2BD2A06D00ED2369 /* Assets.xcassets in Resources */ = {isa = PBXBuildFile; fileRef = 1A34510E2BD2A06D00ED2369 /* Assets.xcassets */; };
		1A3451122BD2A06D00ED2369 /* Base in Resources */ = {isa = PBXBuildFile; fileRef = 1A3451112BD2A06D00ED2369 /* Base */; };
		1A3451182BD2AF3900ED2369 /* MediQuoSDK in Frameworks */ = {isa = PBXBuildFile; productRef = 1A3451172BD2AF3900ED2369 /* MediQuoSDK */; };
		F58161A92B8F76DB00D5D345 /* MediQuoSDKDemoApp.swift in Sources */ = {isa = PBXBuildFile; fileRef = F58161A82B8F76DB00D5D345 /* MediQuoSDKDemoApp.swift */; };
		F58161AD2B8F76DC00D5D345 /* Assets.xcassets in Resources */ = {isa = PBXBuildFile; fileRef = F58161AC2B8F76DC00D5D345 /* Assets.xcassets */; };
		F58161B02B8F76DC00D5D345 /* Preview Assets.xcassets in Resources */ = {isa = PBXBuildFile; fileRef = F58161AF2B8F76DC00D5D345 /* Preview Assets.xcassets */; };
		F58161B92B8F772700D5D345 /* MediQuoSDK in Frameworks */ = {isa = PBXBuildFile; productRef = F58161B82B8F772700D5D345 /* MediQuoSDK */; };
/* End PBXBuildFile section */

/* Begin PBXFileReference section */
		1A3451032BD2A06C00ED2369 /* MediQuoSDKUIKitDemo.app */ = {isa = PBXFileReference; explicitFileType = wrapper.application; includeInIndex = 0; path = MediQuoSDKUIKitDemo.app; sourceTree = BUILT_PRODUCTS_DIR; };
		1A3451052BD2A06C00ED2369 /* AppDelegate.swift */ = {isa = PBXFileReference; lastKnownFileType = sourcecode.swift; path = AppDelegate.swift; sourceTree = "<group>"; };
		1A3451072BD2A06C00ED2369 /* SceneDelegate.swift */ = {isa = PBXFileReference; lastKnownFileType = sourcecode.swift; path = SceneDelegate.swift; sourceTree = "<group>"; };
		1A3451092BD2A06C00ED2369 /* ViewController.swift */ = {isa = PBXFileReference; lastKnownFileType = sourcecode.swift; path = ViewController.swift; sourceTree = "<group>"; };
		1A34510E2BD2A06D00ED2369 /* Assets.xcassets */ = {isa = PBXFileReference; lastKnownFileType = folder.assetcatalog; path = Assets.xcassets; sourceTree = "<group>"; };
		1A3451112BD2A06D00ED2369 /* Base */ = {isa = PBXFileReference; lastKnownFileType = file.storyboard; name = Base; path = Base.lproj/LaunchScreen.storyboard; sourceTree = "<group>"; };
		1A3451132BD2A06D00ED2369 /* Info.plist */ = {isa = PBXFileReference; lastKnownFileType = text.plist.xml; path = Info.plist; sourceTree = "<group>"; };
		F5507FB92C356BB9001DF728 /* MediQuoSDKUIKitDemo.entitlements */ = {isa = PBXFileReference; lastKnownFileType = text.plist.entitlements; path = MediQuoSDKUIKitDemo.entitlements; sourceTree = "<group>"; };
		F58161A52B8F76DB00D5D345 /* MediQuoSDKDemo.app */ = {isa = PBXFileReference; explicitFileType = wrapper.application; includeInIndex = 0; path = MediQuoSDKDemo.app; sourceTree = BUILT_PRODUCTS_DIR; };
		F58161A82B8F76DB00D5D345 /* MediQuoSDKDemoApp.swift */ = {isa = PBXFileReference; lastKnownFileType = sourcecode.swift; path = MediQuoSDKDemoApp.swift; sourceTree = "<group>"; };
		F58161AC2B8F76DC00D5D345 /* Assets.xcassets */ = {isa = PBXFileReference; lastKnownFileType = folder.assetcatalog; path = Assets.xcassets; sourceTree = "<group>"; };
		F58161AF2B8F76DC00D5D345 /* Preview Assets.xcassets */ = {isa = PBXFileReference; lastKnownFileType = folder.assetcatalog; path = "Preview Assets.xcassets"; sourceTree = "<group>"; };
		F58161B62B8F76E900D5D345 /* mediquo-ios-sdk */ = {isa = PBXFileReference; lastKnownFileType = wrapper; name = "mediquo-ios-sdk"; path = ..; sourceTree = "<group>"; };
/* End PBXFileReference section */

/* Begin PBXFrameworksBuildPhase section */
		1A3451002BD2A06C00ED2369 /* Frameworks */ = {
			isa = PBXFrameworksBuildPhase;
			buildActionMask = 2147483647;
			files = (
				1A3451182BD2AF3900ED2369 /* MediQuoSDK in Frameworks */,
			);
			runOnlyForDeploymentPostprocessing = 0;
		};
		F58161A22B8F76DB00D5D345 /* Frameworks */ = {
			isa = PBXFrameworksBuildPhase;
			buildActionMask = 2147483647;
			files = (
				F58161B92B8F772700D5D345 /* MediQuoSDK in Frameworks */,
			);
			runOnlyForDeploymentPostprocessing = 0;
		};
/* End PBXFrameworksBuildPhase section */

/* Begin PBXGroup section */
		1A3451042BD2A06C00ED2369 /* MediQuoSDKUIKitDemo */ = {
			isa = PBXGroup;
			children = (
				F5507FB92C356BB9001DF728 /* MediQuoSDKUIKitDemo.entitlements */,
				1A3451052BD2A06C00ED2369 /* AppDelegate.swift */,
				1A3451072BD2A06C00ED2369 /* SceneDelegate.swift */,
				1A3451092BD2A06C00ED2369 /* ViewController.swift */,
				1A34510E2BD2A06D00ED2369 /* Assets.xcassets */,
				1A3451102BD2A06D00ED2369 /* LaunchScreen.storyboard */,
				1A3451132BD2A06D00ED2369 /* Info.plist */,
			);
			path = MediQuoSDKUIKitDemo;
			sourceTree = "<group>";
		};
		F581619C2B8F76DB00D5D345 = {
			isa = PBXGroup;
			children = (
				F58161B62B8F76E900D5D345 /* mediquo-ios-sdk */,
				F58161A72B8F76DB00D5D345 /* MediQuoSDKDemo */,
				1A3451042BD2A06C00ED2369 /* MediQuoSDKUIKitDemo */,
				F58161A62B8F76DB00D5D345 /* Products */,
				F58161B72B8F772700D5D345 /* Frameworks */,
			);
			sourceTree = "<group>";
		};
		F58161A62B8F76DB00D5D345 /* Products */ = {
			isa = PBXGroup;
			children = (
				F58161A52B8F76DB00D5D345 /* MediQuoSDKDemo.app */,
				1A3451032BD2A06C00ED2369 /* MediQuoSDKUIKitDemo.app */,
			);
			name = Products;
			sourceTree = "<group>";
		};
		F58161A72B8F76DB00D5D345 /* MediQuoSDKDemo */ = {
			isa = PBXGroup;
			children = (
				F58161A82B8F76DB00D5D345 /* MediQuoSDKDemoApp.swift */,
				F58161AC2B8F76DC00D5D345 /* Assets.xcassets */,
				F58161AE2B8F76DC00D5D345 /* Preview Content */,
			);
			path = MediQuoSDKDemo;
			sourceTree = "<group>";
		};
		F58161AE2B8F76DC00D5D345 /* Preview Content */ = {
			isa = PBXGroup;
			children = (
				F58161AF2B8F76DC00D5D345 /* Preview Assets.xcassets */,
			);
			path = "Preview Content";
			sourceTree = "<group>";
		};
		F58161B72B8F772700D5D345 /* Frameworks */ = {
			isa = PBXGroup;
			children = (
			);
			name = Frameworks;
			sourceTree = "<group>";
		};
/* End PBXGroup section */

/* Begin PBXNativeTarget section */
		1A3451022BD2A06C00ED2369 /* MediQuoSDKUIKitDemo */ = {
			isa = PBXNativeTarget;
			buildConfigurationList = 1A3451162BD2A06D00ED2369 /* Build configuration list for PBXNativeTarget "MediQuoSDKUIKitDemo" */;
			buildPhases = (
				1A3450FF2BD2A06C00ED2369 /* Sources */,
				1A3451002BD2A06C00ED2369 /* Frameworks */,
				1A3451012BD2A06C00ED2369 /* Resources */,
			);
			buildRules = (
			);
			dependencies = (
			);
			name = MediQuoSDKUIKitDemo;
			packageProductDependencies = (
				1A3451172BD2AF3900ED2369 /* MediQuoSDK */,
			);
			productName = MediQuoSDKUIKitDemo;
			productReference = 1A3451032BD2A06C00ED2369 /* MediQuoSDKUIKitDemo.app */;
			productType = "com.apple.product-type.application";
		};
		F58161A42B8F76DB00D5D345 /* MediQuoSDKDemo */ = {
			isa = PBXNativeTarget;
			buildConfigurationList = F58161B32B8F76DC00D5D345 /* Build configuration list for PBXNativeTarget "MediQuoSDKDemo" */;
			buildPhases = (
				F58161A12B8F76DB00D5D345 /* Sources */,
				F58161A22B8F76DB00D5D345 /* Frameworks */,
				F58161A32B8F76DB00D5D345 /* Resources */,
			);
			buildRules = (
			);
			dependencies = (
			);
			name = MediQuoSDKDemo;
			packageProductDependencies = (
				F58161B82B8F772700D5D345 /* MediQuoSDK */,
			);
			productName = MediQuoSDKDemo;
			productReference = F58161A52B8F76DB00D5D345 /* MediQuoSDKDemo.app */;
			productType = "com.apple.product-type.application";
		};
/* End PBXNativeTarget section */

/* Begin PBXProject section */
		F581619D2B8F76DB00D5D345 /* Project object */ = {
			isa = PBXProject;
			attributes = {
				BuildIndependentTargetsInParallel = 1;
				LastSwiftUpdateCheck = 1530;
				LastUpgradeCheck = 2600;
				TargetAttributes = {
					1A3451022BD2A06C00ED2369 = {
						CreatedOnToolsVersion = 15.3;
					};
					F58161A42B8F76DB00D5D345 = {
						CreatedOnToolsVersion = 15.2;
					};
				};
			};
			buildConfigurationList = F58161A02B8F76DB00D5D345 /* Build configuration list for PBXProject "MediQuoSDKDemo" */;
			compatibilityVersion = "Xcode 14.0";
			developmentRegion = en;
			hasScannedForEncodings = 0;
			knownRegions = (
				en,
				Base,
			);
			mainGroup = F581619C2B8F76DB00D5D345;
			productRefGroup = F58161A62B8F76DB00D5D345 /* Products */;
			projectDirPath = "";
			projectRoot = "";
			targets = (
				F58161A42B8F76DB00D5D345 /* MediQuoSDKDemo */,
				1A3451022BD2A06C00ED2369 /* MediQuoSDKUIKitDemo */,
			);
		};
/* End PBXProject section */

/* Begin PBXResourcesBuildPhase section */
		1A3451012BD2A06C00ED2369 /* Resources */ = {
			isa = PBXResourcesBuildPhase;
			buildActionMask = 2147483647;
			files = (
				1A34510F2BD2A06D00ED2369 /* Assets.xcassets in Resources */,
				1A3451122BD2A06D00ED2369 /* Base in Resources */,
			);
			runOnlyForDeploymentPostprocessing = 0;
		};
		F58161A32B8F76DB00D5D345 /* Resources */ = {
			isa = PBXResourcesBuildPhase;
			buildActionMask = 2147483647;
			files = (
				F58161B02B8F76DC00D5D345 /* Preview Assets.xcassets in Resources */,
				F58161AD2B8F76DC00D5D345 /* Assets.xcassets in Resources */,
			);
			runOnlyForDeploymentPostprocessing = 0;
		};
/* End PBXResourcesBuildPhase section */

/* Begin PBXSourcesBuildPhase section */
		1A3450FF2BD2A06C00ED2369 /* Sources */ = {
			isa = PBXSourcesBuildPhase;
			buildActionMask = 2147483647;
			files = (
				1A34510A2BD2A06C00ED2369 /* ViewController.swift in Sources */,
				1A3451062BD2A06C00ED2369 /* AppDelegate.swift in Sources */,
				1A3451082BD2A06C00ED2369 /* SceneDelegate.swift in Sources */,
			);
			runOnlyForDeploymentPostprocessing = 0;
		};
		F58161A12B8F76DB00D5D345 /* Sources */ = {
			isa = PBXSourcesBuildPhase;
			buildActionMask = 2147483647;
			files = (
				F58161A92B8F76DB00D5D345 /* MediQuoSDKDemoApp.swift in Sources */,
			);
			runOnlyForDeploymentPostprocessing = 0;
		};
/* End PBXSourcesBuildPhase section */

/* Begin PBXVariantGroup section */
		1A3451102BD2A06D00ED2369 /* LaunchScreen.storyboard */ = {
			isa = PBXVariantGroup;
			children = (
				1A3451112BD2A06D00ED2369 /* Base */,
			);
			name = LaunchScreen.storyboard;
			sourceTree = "<group>";
		};
/* End PBXVariantGroup section */

/* Begin XCBuildConfiguration section */
		1A3451142BD2A06D00ED2369 /* Debug */ = {
			isa = XCBuildConfiguration;
			buildSettings = {
				ASSETCATALOG_COMPILER_APPICON_NAME = AppIcon;
				ASSETCATALOG_COMPILER_GLOBAL_ACCENT_COLOR_NAME = AccentColor;
				CODE_SIGN_ENTITLEMENTS = MediQuoSDKUIKitDemo/MediQuoSDKUIKitDemo.entitlements;
				CODE_SIGN_STYLE = Automatic;
				CURRENT_PROJECT_VERSION = 1;
				GENERATE_INFOPLIST_FILE = YES;
				INFOPLIST_FILE = MediQuoSDKUIKitDemo/Info.plist;
				INFOPLIST_KEY_UIApplicationSupportsIndirectInputEvents = YES;
				INFOPLIST_KEY_UILaunchStoryboardName = LaunchScreen;
				INFOPLIST_KEY_UIMainStoryboardFile = "";
				INFOPLIST_KEY_UISupportedInterfaceOrientations = "UIInterfaceOrientationLandscapeLeft UIInterfaceOrientationLandscapeRight UIInterfaceOrientationPortrait";
				INFOPLIST_KEY_UISupportedInterfaceOrientations_iPad = UIInterfaceOrientationPortrait;
				LD_RUNPATH_SEARCH_PATHS = (
					"$(inherited)",
					"@executable_path/Frameworks",
				);
				MARKETING_VERSION = 1.0;
				PRODUCT_BUNDLE_IDENTIFIER = com.mediquo.MediQuoSDKUIKitDemo;
				PRODUCT_NAME = "$(TARGET_NAME)";
				SWIFT_EMIT_LOC_STRINGS = YES;
				SWIFT_VERSION = 5.0;
				TARGETED_DEVICE_FAMILY = "1,2";
			};
			name = Debug;
		};
		1A3451152BD2A06D00ED2369 /* Release */ = {
			isa = XCBuildConfiguration;
			buildSettings = {
				ASSETCATALOG_COMPILER_APPICON_NAME = AppIcon;
				ASSETCATALOG_COMPILER_GLOBAL_ACCENT_COLOR_NAME = AccentColor;
				CODE_SIGN_ENTITLEMENTS = MediQuoSDKUIKitDemo/MediQuoSDKUIKitDemo.entitlements;
				CODE_SIGN_STYLE = Automatic;
				CURRENT_PROJECT_VERSION = 1;
				GENERATE_INFOPLIST_FILE = YES;
				INFOPLIST_FILE = MediQuoSDKUIKitDemo/Info.plist;
				INFOPLIST_KEY_UIApplicationSupportsIndirectInputEvents = YES;
				INFOPLIST_KEY_UILaunchStoryboardName = LaunchScreen;
				INFOPLIST_KEY_UIMainStoryboardFile = "";
				INFOPLIST_KEY_UISupportedInterfaceOrientations = "UIInterfaceOrientationLandscapeLeft UIInterfaceOrientationLandscapeRight UIInterfaceOrientationPortrait";
				INFOPLIST_KEY_UISupportedInterfaceOrientations_iPad = UIInterfaceOrientationPortrait;
				LD_RUNPATH_SEARCH_PATHS = (
					"$(inherited)",
					"@executable_path/Frameworks",
				);
				MARKETING_VERSION = 1.0;
				PRODUCT_BUNDLE_IDENTIFIER = com.mediquo.MediQuoSDKUIKitDemo;
				PRODUCT_NAME = "$(TARGET_NAME)";
				SWIFT_EMIT_LOC_STRINGS = YES;
				SWIFT_VERSION = 5.0;
				TARGETED_DEVICE_FAMILY = "1,2";
			};
			name = Release;
		};
		F58161B12B8F76DC00D5D345 /* Debug */ = {
			isa = XCBuildConfiguration;
			buildSettings = {
				ALWAYS_SEARCH_USER_PATHS = NO;
				ASSETCATALOG_COMPILER_GENERATE_SWIFT_ASSET_SYMBOL_EXTENSIONS = YES;
				CLANG_ANALYZER_NONNULL = YES;
				CLANG_ANALYZER_NUMBER_OBJECT_CONVERSION = YES_AGGRESSIVE;
				CLANG_CXX_LANGUAGE_STANDARD = "gnu++20";
				CLANG_ENABLE_MODULES = YES;
				CLANG_ENABLE_OBJC_ARC = YES;
				CLANG_ENABLE_OBJC_WEAK = YES;
				CLANG_WARN_BLOCK_CAPTURE_AUTORELEASING = YES;
				CLANG_WARN_BOOL_CONVERSION = YES;
				CLANG_WARN_COMMA = YES;
				CLANG_WARN_CONSTANT_CONVERSION = YES;
				CLANG_WARN_DEPRECATED_OBJC_IMPLEMENTATIONS = YES;
				CLANG_WARN_DIRECT_OBJC_ISA_USAGE = YES_ERROR;
				CLANG_WARN_DOCUMENTATION_COMMENTS = YES;
				CLANG_WARN_EMPTY_BODY = YES;
				CLANG_WARN_ENUM_CONVERSION = YES;
				CLANG_WARN_INFINITE_RECURSION = YES;
				CLANG_WARN_INT_CONVERSION = YES;
				CLANG_WARN_NON_LITERAL_NULL_CONVERSION = YES;
				CLANG_WARN_OBJC_IMPLICIT_RETAIN_SELF = YES;
				CLANG_WARN_OBJC_LITERAL_CONVERSION = YES;
				CLANG_WARN_OBJC_ROOT_CLASS = YES_ERROR;
				CLANG_WARN_QUOTED_INCLUDE_IN_FRAMEWORK_HEADER = YES;
				CLANG_WARN_RANGE_LOOP_ANALYSIS = YES;
				CLANG_WARN_STRICT_PROTOTYPES = YES;
				CLANG_WARN_SUSPICIOUS_MOVE = YES;
				CLANG_WARN_UNGUARDED_AVAILABILITY = YES_AGGRESSIVE;
				CLANG_WARN_UNREACHABLE_CODE = YES;
				CLANG_WARN__DUPLICATE_METHOD_MATCH = YES;
				COPY_PHASE_STRIP = NO;
				DEBUG_INFORMATION_FORMAT = dwarf;
				ENABLE_STRICT_OBJC_MSGSEND = YES;
				ENABLE_TESTABILITY = YES;
				ENABLE_USER_SCRIPT_SANDBOXING = YES;
				GCC_C_LANGUAGE_STANDARD = gnu17;
				GCC_DYNAMIC_NO_PIC = NO;
				GCC_NO_COMMON_BLOCKS = YES;
				GCC_OPTIMIZATION_LEVEL = 0;
				GCC_PREPROCESSOR_DEFINITIONS = (
					"DEBUG=1",
					"$(inherited)",
				);
				GCC_WARN_64_TO_32_BIT_CONVERSION = YES;
				GCC_WARN_ABOUT_RETURN_TYPE = YES_ERROR;
				GCC_WARN_UNDECLARED_SELECTOR = YES;
				GCC_WARN_UNINITIALIZED_AUTOS = YES_AGGRESSIVE;
				GCC_WARN_UNUSED_FUNCTION = YES;
				GCC_WARN_UNUSED_VARIABLE = YES;
				IPHONEOS_DEPLOYMENT_TARGET = 17.6;
				LOCALIZATION_PREFERS_STRING_CATALOGS = YES;
				MTL_ENABLE_DEBUG_INFO = INCLUDE_SOURCE;
				MTL_FAST_MATH = YES;
				ONLY_ACTIVE_ARCH = YES;
				SDKROOT = iphoneos;
				STRING_CATALOG_GENERATE_SYMBOLS = YES;
				SWIFT_ACTIVE_COMPILATION_CONDITIONS = "DEBUG $(inherited)";
				SWIFT_OPTIMIZATION_LEVEL = "-Onone";
			};
			name = Debug;
		};
		F58161B22B8F76DC00D5D345 /* Release */ = {
			isa = XCBuildConfiguration;
			buildSettings = {
				ALWAYS_SEARCH_USER_PATHS = NO;
				ASSETCATALOG_COMPILER_GENERATE_SWIFT_ASSET_SYMBOL_EXTENSIONS = YES;
				CLANG_ANALYZER_NONNULL = YES;
				CLANG_ANALYZER_NUMBER_OBJECT_CONVERSION = YES_AGGRESSIVE;
				CLANG_CXX_LANGUAGE_STANDARD = "gnu++20";
				CLANG_ENABLE_MODULES = YES;
				CLANG_ENABLE_OBJC_ARC = YES;
				CLANG_ENABLE_OBJC_WEAK = YES;
				CLANG_WARN_BLOCK_CAPTURE_AUTORELEASING = YES;
				CLANG_WARN_BOOL_CONVERSION = YES;
				CLANG_WARN_COMMA = YES;
				CLANG_WARN_CONSTANT_CONVERSION = YES;
				CLANG_WARN_DEPRECATED_OBJC_IMPLEMENTATIONS = YES;
				CLANG_WARN_DIRECT_OBJC_ISA_USAGE = YES_ERROR;
				CLANG_WARN_DOCUMENTATION_COMMENTS = YES;
				CLANG_WARN_EMPTY_BODY = YES;
				CLANG_WARN_ENUM_CONVERSION = YES;
				CLANG_WARN_INFINITE_RECURSION = YES;
				CLANG_WARN_INT_CONVERSION = YES;
				CLANG_WARN_NON_LITERAL_NULL_CONVERSION = YES;
				CLANG_WARN_OBJC_IMPLICIT_RETAIN_SELF = YES;
				CLANG_WARN_OBJC_LITERAL_CONVERSION = YES;
				CLANG_WARN_OBJC_ROOT_CLASS = YES_ERROR;
				CLANG_WARN_QUOTED_INCLUDE_IN_FRAMEWORK_HEADER = YES;
				CLANG_WARN_RANGE_LOOP_ANALYSIS = YES;
				CLANG_WARN_STRICT_PROTOTYPES = YES;
				CLANG_WARN_SUSPICIOUS_MOVE = YES;
				CLANG_WARN_UNGUARDED_AVAILABILITY = YES_AGGRESSIVE;
				CLANG_WARN_UNREACHABLE_CODE = YES;
				CLANG_WARN__DUPLICATE_METHOD_MATCH = YES;
				COPY_PHASE_STRIP = NO;
				DEBUG_INFORMATION_FORMAT = "dwarf-with-dsym";
				ENABLE_NS_ASSERTIONS = NO;
				ENABLE_STRICT_OBJC_MSGSEND = YES;
				ENABLE_USER_SCRIPT_SANDBOXING = YES;
				GCC_C_LANGUAGE_STANDARD = gnu17;
				GCC_NO_COMMON_BLOCKS = YES;
				GCC_WARN_64_TO_32_BIT_CONVERSION = YES;
				GCC_WARN_ABOUT_RETURN_TYPE = YES_ERROR;
				GCC_WARN_UNDECLARED_SELECTOR = YES;
				GCC_WARN_UNINITIALIZED_AUTOS = YES_AGGRESSIVE;
				GCC_WARN_UNUSED_FUNCTION = YES;
				GCC_WARN_UNUSED_VARIABLE = YES;
				IPHONEOS_DEPLOYMENT_TARGET = 17.6;
				LOCALIZATION_PREFERS_STRING_CATALOGS = YES;
				MTL_ENABLE_DEBUG_INFO = NO;
				MTL_FAST_MATH = YES;
				SDKROOT = iphoneos;
				STRING_CATALOG_GENERATE_SYMBOLS = YES;
				SWIFT_COMPILATION_MODE = wholemodule;
				VALIDATE_PRODUCT = YES;
			};
			name = Release;
		};
		F58161B42B8F76DC00D5D345 /* Debug */ = {
			isa = XCBuildConfiguration;
			buildSettings = {
				ASSETCATALOG_COMPILER_APPICON_NAME = AppIcon;
				ASSETCATALOG_COMPILER_GLOBAL_ACCENT_COLOR_NAME = AccentColor;
				CODE_SIGN_STYLE = Automatic;
				CURRENT_PROJECT_VERSION = 1;
				DEVELOPMENT_ASSET_PATHS = "\"MediQuoSDKDemo/Preview Content\"";
				ENABLE_PREVIEWS = YES;
				GENERATE_INFOPLIST_FILE = YES;
				INFOPLIST_KEY_UIApplicationSceneManifest_Generation = YES;
				INFOPLIST_KEY_UIApplicationSupportsIndirectInputEvents = YES;
				INFOPLIST_KEY_UILaunchScreen_Generation = YES;
				INFOPLIST_KEY_UISupportedInterfaceOrientations_iPad = "UIInterfaceOrientationPortrait UIInterfaceOrientationPortraitUpsideDown UIInterfaceOrientationLandscapeLeft UIInterfaceOrientationLandscapeRight";
				INFOPLIST_KEY_UISupportedInterfaceOrientations_iPhone = "UIInterfaceOrientationPortrait UIInterfaceOrientationLandscapeLeft UIInterfaceOrientationLandscapeRight";
				LD_RUNPATH_SEARCH_PATHS = (
					"$(inherited)",
					"@executable_path/Frameworks",
				);
				MARKETING_VERSION = 1.0;
				PRODUCT_BUNDLE_IDENTIFIER = com.mediquo.MediQuoSDKDemo;
				PRODUCT_NAME = "$(TARGET_NAME)";
				SUPPORTED_PLATFORMS = "iphoneos iphonesimulator";
				SUPPORTS_MACCATALYST = NO;
				SUPPORTS_MAC_DESIGNED_FOR_IPHONE_IPAD = NO;
				SUPPORTS_XR_DESIGNED_FOR_IPHONE_IPAD = NO;
				SWIFT_EMIT_LOC_STRINGS = YES;
				SWIFT_VERSION = 5.0;
				TARGETED_DEVICE_FAMILY = 1;
			};
			name = Debug;
		};
		F58161B52B8F76DC00D5D345 /* Release */ = {
			isa = XCBuildConfiguration;
			buildSettings = {
				ASSETCATALOG_COMPILER_APPICON_NAME = AppIcon;
				ASSETCATALOG_COMPILER_GLOBAL_ACCENT_COLOR_NAME = AccentColor;
				CODE_SIGN_STYLE = Automatic;
				CURRENT_PROJECT_VERSION = 1;
				DEVELOPMENT_ASSET_PATHS = "\"MediQuoSDKDemo/Preview Content\"";
				ENABLE_PREVIEWS = YES;
				GENERATE_INFOPLIST_FILE = YES;
				INFOPLIST_KEY_UIApplicationSceneManifest_Generation = YES;
				INFOPLIST_KEY_UIApplicationSupportsIndirectInputEvents = YES;
				INFOPLIST_KEY_UILaunchScreen_Generation = YES;
				INFOPLIST_KEY_UISupportedInterfaceOrientations_iPad = "UIInterfaceOrientationPortrait UIInterfaceOrientationPortraitUpsideDown UIInterfaceOrientationLandscapeLeft UIInterfaceOrientationLandscapeRight";
				INFOPLIST_KEY_UISupportedInterfaceOrientations_iPhone = "UIInterfaceOrientationPortrait UIInterfaceOrientationLandscapeLeft UIInterfaceOrientationLandscapeRight";
				LD_RUNPATH_SEARCH_PATHS = (
					"$(inherited)",
					"@executable_path/Frameworks",
				);
				MARKETING_VERSION = 1.0;
				PRODUCT_BUNDLE_IDENTIFIER = com.mediquo.MediQuoSDKDemo;
				PRODUCT_NAME = "$(TARGET_NAME)";
				SUPPORTED_PLATFORMS = "iphoneos iphonesimulator";
				SUPPORTS_MACCATALYST = NO;
				SUPPORTS_MAC_DESIGNED_FOR_IPHONE_IPAD = NO;
				SUPPORTS_XR_DESIGNED_FOR_IPHONE_IPAD = NO;
				SWIFT_EMIT_LOC_STRINGS = YES;
				SWIFT_VERSION = 5.0;
				TARGETED_DEVICE_FAMILY = 1;
			};
			name = Release;
		};
/* End XCBuildConfiguration section */

/* Begin XCConfigurationList section */
		1A3451162BD2A06D00ED2369 /* Build configuration list for PBXNativeTarget "MediQuoSDKUIKitDemo" */ = {
			isa = XCConfigurationList;
			buildConfigurations = (
				1A3451142BD2A06D00ED2369 /* Debug */,
				1A3451152BD2A06D00ED2369 /* Release */,
			);
			defaultConfigurationIsVisible = 0;
			defaultConfigurationName = Release;
		};
		F58161A02B8F76DB00D5D345 /* Build configuration list for PBXProject "MediQuoSDKDemo" */ = {
			isa = XCConfigurationList;
			buildConfigurations = (
				F58161B12B8F76DC00D5D345 /* Debug */,
				F58161B22B8F76DC00D5D345 /* Release */,
			);
			defaultConfigurationIsVisible = 0;
			defaultConfigurationName = Release;
		};
		F58161B32B8F76DC00D5D345 /* Build configuration list for PBXNativeTarget "MediQuoSDKDemo" */ = {
			isa = XCConfigurationList;
			buildConfigurations = (
				F58161B42B8F76DC00D5D345 /* Debug */,
				F58161B52B8F76DC00D5D345 /* Release */,
			);
			defaultConfigurationIsVisible = 0;
			defaultConfigurationName = Release;
		};
/* End XCConfigurationList section */

/* Begin XCSwiftPackageProductDependency section */
		1A3451172BD2AF3900ED2369 /* MediQuoSDK */ = {
			isa = XCSwiftPackageProductDependency;
			productName = MediQuoSDK;
		};
		F58161B82B8F772700D5D345 /* MediQuoSDK */ = {
			isa = XCSwiftPackageProductDependency;
			productName = MediQuoSDK;
		};
/* End XCSwiftPackageProductDependency section */
	};
	rootObject = F581619D2B8F76DB00D5D345 /* Project object */;
}
